
Microsoft Visual Studio Solution File, Format Version 12.00
# Visual Studio 15
VisualStudioVersion = 15.0.28307.106
MinimumVisualStudioVersion = 10.0.40219.1
Project("{FAE04EC0-301F-11D3-BF4B-00C04F79EFBC}") = "pizza", "pizza\pizza.csproj", "{0A0A4112-F357-4AE3-9BC3-E45D9AE76E0A}"
EndProject
Global
	GlobalSection(SolutionConfigurationPlatforms) = preSolution
		Debug|Any CPU = Debug|Any CPU
		Release|Any CPU = Release|Any CPU
	EndGlobalSection
	GlobalSection(ProjectConfigurationPlatforms) = postSolution
		{0A0A4112-F357-4AE3-9BC3-E45D9AE76E0A}.Debug|Any CPU.ActiveCfg = Debug|Any CPU
		{0A0A4112-F357-4AE3-9BC3-E45D9AE76E0A}.Debug|Any CPU.Build.0 = Debug|Any CPU
		{0A0A4112-F357-4AE3-9BC3-E45D9AE76E0A}.Release|Any CPU.ActiveCfg = Release|Any CPU
		{0A0A4112-F357-4AE3-9BC3-E45D9AE76E0A}.Release|Any CPU.Build.0 = Release|Any CPU
	EndGlobalSection
	GlobalSection(SolutionProperties) = preSolution
		HideSolutionNode = FALSE
	EndGlobalSection
	GlobalSection(ExtensibilityGlobals) = postSolution
		SolutionGuid = {C11F8B3C-5142-4FB2-A375-48A7FF8EEB7D}
	EndGlobalSection
EndGlobal
